
Microsoft Visual Studio Solution File, Format Version 12.00
# Visual Studio Version 16
VisualStudioVersion = 16.0.30204.135
MinimumVisualStudioVersion = 10.0.40219.1
Project("{8BC9CEB8-8B4A-11D0-8D11-00A0C91BC942}") = "1-defaulted", "1-defaulted\1-defaulted.vcxproj", "{5C01AFA6-AEA7-43FF-B2C1-471143D97CDA}"
EndProject
Project("{8BC9CEB8-8B4A-11D0-8D11-00A0C91BC942}") = "2-constexpr", "2-constexprs\2-constexpr.vcxproj", "{E66F9217-3B07-48B5-9213-358AE16FEB08}"
EndProject
Project("{8BC9CEB8-8B4A-11D0-8D11-00A0C91BC942}") = "3-structuredBindings", "3-structuredBindings\3-structuredBindings.vcxproj", "{8BCB34FE-B5FA-4633-B5D7-1E7D990AA2B4}"
EndProject
Project("{8BC9CEB8-8B4A-11D0-8D11-00A0C91BC942}") = "4-5-6-smartPointers", "4-5-6-smartPointers\4-5-6-smartPointers.vcxproj", "{D085766C-BC37-4F0C-BDAE-851134ECBEFF}"
EndProject
Project("{8BC9CEB8-8B4A-11D0-8D11-00A0C91BC942}") = "7-userDefLiterals", "7-userDefLiterals\7-userDefLiterals.vcxproj", "{64A58D63-57AA-448E-BD0A-B48C99E45C30}"
EndProject
Project("{8BC9CEB8-8B4A-11D0-8D11-00A0C91BC942}") = "8-lambdas", "8-lambdas\8-lambdas.vcxproj", "{A94DA258-335B-448B-B54C-150D136EFD23}"
EndProject
Global
	GlobalSection(SolutionConfigurationPlatforms) = preSolution
		Debug|x64 = Debug|x64
		Debug|x86 = Debug|x86
		Release|x64 = Release|x64
		Release|x86 = Release|x86
	EndGlobalSection
	GlobalSection(ProjectConfigurationPlatforms) = postSolution
		{5C01AFA6-AEA7-43FF-B2C1-471143D97CDA}.Debug|x64.ActiveCfg = Debug|x64
		{5C01AFA6-AEA7-43FF-B2C1-471143D97CDA}.Debug|x64.Build.0 = Debug|x64
		{5C01AFA6-AEA7-43FF-B2C1-471143D97CDA}.Debug|x86.ActiveCfg = Debug|Win32
		{5C01AFA6-AEA7-43FF-B2C1-471143D97CDA}.Debug|x86.Build.0 = Debug|Win32
		{5C01AFA6-AEA7-43FF-B2C1-471143D97CDA}.Release|x64.ActiveCfg = Release|x64
		{5C01AFA6-AEA7-43FF-B2C1-471143D97CDA}.Release|x64.Build.0 = Release|x64
		{5C01AFA6-AEA7-43FF-B2C1-471143D97CDA}.Release|x86.ActiveCfg = Release|Win32
		{5C01AFA6-AEA7-43FF-B2C1-471143D97CDA}.Release|x86.Build.0 = Release|Win32
		{E66F9217-3B07-48B5-9213-358AE16FEB08}.Debug|x64.ActiveCfg = Debug|Win32
		{E66F9217-3B07-48B5-9213-358AE16FEB08}.Debug|x64.Build.0 = Debug|Win32
		{E66F9217-3B07-48B5-9213-358AE16FEB08}.Debug|x86.ActiveCfg = Debug|Win32
		{E66F9217-3B07-48B5-9213-358AE16FEB08}.Debug|x86.Build.0 = Debug|Win32
		{E66F9217-3B07-48B5-9213-358AE16FEB08}.Release|x64.ActiveCfg = Release|Win32
		{E66F9217-3B07-48B5-9213-358AE16FEB08}.Release|x86.ActiveCfg = Release|Win32
		{E66F9217-3B07-48B5-9213-358AE16FEB08}.Release|x86.Build.0 = Release|Win32
		{8BCB34FE-B5FA-4633-B5D7-1E7D990AA2B4}.Debug|x64.ActiveCfg = Debug|x64
		{8BCB34FE-B5FA-4633-B5D7-1E7D990AA2B4}.Debug|x64.Build.0 = Debug|x64
		{8BCB34FE-B5FA-4633-B5D7-1E7D990AA2B4}.Debug|x86.ActiveCfg = Debug|Win32
		{8BCB34FE-B5FA-4633-B5D7-1E7D990AA2B4}.Debug|x86.Build.0 = Debug|Win32
		{8BCB34FE-B5FA-4633-B5D7-1E7D990AA2B4}.Release|x64.ActiveCfg = Release|x64
		{8BCB34FE-B5FA-4633-B5D7-1E7D990AA2B4}.Release|x64.Build.0 = Release|x64
		{8BCB34FE-B5FA-4633-B5D7-1E7D990AA2B4}.Release|x86.ActiveCfg = Release|Win32
		{8BCB34FE-B5FA-4633-B5D7-1E7D990AA2B4}.Release|x86.Build.0 = Release|Win32
		{D085766C-BC37-4F0C-BDAE-851134ECBEFF}.Debug|x64.ActiveCfg = Debug|Win32
		{D085766C-BC37-4F0C-BDAE-851134ECBEFF}.Debug|x64.Build.0 = Debug|Win32
		{D085766C-BC37-4F0C-BDAE-851134ECBEFF}.Debug|x86.ActiveCfg = Debug|Win32
		{D085766C-BC37-4F0C-BDAE-851134ECBEFF}.Debug|x86.Build.0 = Debug|Win32
		{D085766C-BC37-4F0C-BDAE-851134ECBEFF}.Release|x64.ActiveCfg = Release|Win32
		{D085766C-BC37-4F0C-BDAE-851134ECBEFF}.Release|x86.ActiveCfg = Release|Win32
		{D085766C-BC37-4F0C-BDAE-851134ECBEFF}.Release|x86.Build.0 = Release|Win32
		{64A58D63-57AA-448E-BD0A-B48C99E45C30}.Debug|x64.ActiveCfg = Debug|x64
		{64A58D63-57AA-448E-BD0A-B48C99E45C30}.Debug|x64.Build.0 = Debug|x64
		{64A58D63-57AA-448E-BD0A-B48C99E45C30}.Debug|x86.ActiveCfg = Debug|Win32
		{64A58D63-57AA-448E-BD0A-B48C99E45C30}.Debug|x86.Build.0 = Debug|Win32
		{64A58D63-57AA-448E-BD0A-B48C99E45C30}.Release|x64.ActiveCfg = Release|x64
		{64A58D63-57AA-448E-BD0A-B48C99E45C30}.Release|x64.Build.0 = Release|x64
		{64A58D63-57AA-448E-BD0A-B48C99E45C30}.Release|x86.ActiveCfg = Release|Win32
		{64A58D63-57AA-448E-BD0A-B48C99E45C30}.Release|x86.Build.0 = Release|Win32
		{A94DA258-335B-448B-B54C-150D136EFD23}.Debug|x64.ActiveCfg = Debug|x64
		{A94DA258-335B-448B-B54C-150D136EFD23}.Debug|x64.Build.0 = Debug|x64
		{A94DA258-335B-448B-B54C-150D136EFD23}.Debug|x86.ActiveCfg = Debug|Win32
		{A94DA258-335B-448B-B54C-150D136EFD23}.Debug|x86.Build.0 = Debug|Win32
		{A94DA258-335B-448B-B54C-150D136EFD23}.Release|x64.ActiveCfg = Release|x64
		{A94DA258-335B-448B-B54C-150D136EFD23}.Release|x64.Build.0 = Release|x64
		{A94DA258-335B-448B-B54C-150D136EFD23}.Release|x86.ActiveCfg = Release|Win32
		{A94DA258-335B-448B-B54C-150D136EFD23}.Release|x86.Build.0 = Release|Win32
	EndGlobalSection
	GlobalSection(SolutionProperties) = preSolution
		HideSolutionNode = FALSE
	EndGlobalSection
	GlobalSection(ExtensibilityGlobals) = postSolution
		SolutionGuid = {527E5DAA-F2CA-45CC-BE88-C75FF5FEDE82}
	EndGlobalSection
EndGlobal
