
Microsoft Visual Studio Solution File, Format Version 12.00
# Visual Studio Version 16
VisualStudioVersion = 16.0.30128.74
MinimumVisualStudioVersion = 10.0.40219.1
Project("{8BC9CEB8-8B4A-11D0-8D11-00A0C91BC942}") = "1-2-employees", "1-2-employees\1-2-employees.vcxproj", "{7183CE66-0ADB-4FB8-8254-C9502C1F727E}"
EndProject
Project("{8BC9CEB8-8B4A-11D0-8D11-00A0C91BC942}") = "3-card", "3-card\3-card.vcxproj", "{5C01AFA6-AEA7-43FF-B2C1-471143D97CDA}"
EndProject
Project("{8BC9CEB8-8B4A-11D0-8D11-00A0C91BC942}") = "4-cardGroup", "4-cardGroup\4-cardGroup.vcxproj", "{51F50DF5-EDFC-4DFE-A72A-99855F755507}"
EndProject
Project("{8BC9CEB8-8B4A-11D0-8D11-00A0C91BC942}") = "7-8-9-bigGame", "7-8-9-bigGame\7-8-9-bigGame.vcxproj", "{4BA0222F-9A72-4EC8-87A8-CD6AB853DE51}"
EndProject
Project("{8BC9CEB8-8B4A-11D0-8D11-00A0C91BC942}") = "5-6-wasteAndCell", "5-6-wasteAndCell\5-6-wasteAndCell.vcxproj", "{E9D485DF-8174-4E2B-B630-64C35FC695F6}"
EndProject
Global
	GlobalSection(SolutionConfigurationPlatforms) = preSolution
		Debug|x64 = Debug|x64
		Debug|x86 = Debug|x86
		Release|x64 = Release|x64
		Release|x86 = Release|x86
	EndGlobalSection
	GlobalSection(ProjectConfigurationPlatforms) = postSolution
		{7183CE66-0ADB-4FB8-8254-C9502C1F727E}.Debug|x64.ActiveCfg = Debug|x64
		{7183CE66-0ADB-4FB8-8254-C9502C1F727E}.Debug|x64.Build.0 = Debug|x64
		{7183CE66-0ADB-4FB8-8254-C9502C1F727E}.Debug|x86.ActiveCfg = Debug|Win32
		{7183CE66-0ADB-4FB8-8254-C9502C1F727E}.Debug|x86.Build.0 = Debug|Win32
		{7183CE66-0ADB-4FB8-8254-C9502C1F727E}.Release|x64.ActiveCfg = Release|x64
		{7183CE66-0ADB-4FB8-8254-C9502C1F727E}.Release|x64.Build.0 = Release|x64
		{7183CE66-0ADB-4FB8-8254-C9502C1F727E}.Release|x86.ActiveCfg = Release|Win32
		{7183CE66-0ADB-4FB8-8254-C9502C1F727E}.Release|x86.Build.0 = Release|Win32
		{5C01AFA6-AEA7-43FF-B2C1-471143D97CDA}.Debug|x64.ActiveCfg = Debug|x64
		{5C01AFA6-AEA7-43FF-B2C1-471143D97CDA}.Debug|x64.Build.0 = Debug|x64
		{5C01AFA6-AEA7-43FF-B2C1-471143D97CDA}.Debug|x86.ActiveCfg = Debug|Win32
		{5C01AFA6-AEA7-43FF-B2C1-471143D97CDA}.Debug|x86.Build.0 = Debug|Win32
		{5C01AFA6-AEA7-43FF-B2C1-471143D97CDA}.Release|x64.ActiveCfg = Release|x64
		{5C01AFA6-AEA7-43FF-B2C1-471143D97CDA}.Release|x64.Build.0 = Release|x64
		{5C01AFA6-AEA7-43FF-B2C1-471143D97CDA}.Release|x86.ActiveCfg = Release|Win32
		{5C01AFA6-AEA7-43FF-B2C1-471143D97CDA}.Release|x86.Build.0 = Release|Win32
		{51F50DF5-EDFC-4DFE-A72A-99855F755507}.Debug|x64.ActiveCfg = Debug|x64
		{51F50DF5-EDFC-4DFE-A72A-99855F755507}.Debug|x64.Build.0 = Debug|x64
		{51F50DF5-EDFC-4DFE-A72A-99855F755507}.Debug|x86.ActiveCfg = Debug|Win32
		{51F50DF5-EDFC-4DFE-A72A-99855F755507}.Debug|x86.Build.0 = Debug|Win32
		{51F50DF5-EDFC-4DFE-A72A-99855F755507}.Release|x64.ActiveCfg = Release|x64
		{51F50DF5-EDFC-4DFE-A72A-99855F755507}.Release|x64.Build.0 = Release|x64
		{51F50DF5-EDFC-4DFE-A72A-99855F755507}.Release|x86.ActiveCfg = Release|Win32
		{51F50DF5-EDFC-4DFE-A72A-99855F755507}.Release|x86.Build.0 = Release|Win32
		{4BA0222F-9A72-4EC8-87A8-CD6AB853DE51}.Debug|x64.ActiveCfg = Debug|x64
		{4BA0222F-9A72-4EC8-87A8-CD6AB853DE51}.Debug|x64.Build.0 = Debug|x64
		{4BA0222F-9A72-4EC8-87A8-CD6AB853DE51}.Debug|x86.ActiveCfg = Debug|Win32
		{4BA0222F-9A72-4EC8-87A8-CD6AB853DE51}.Debug|x86.Build.0 = Debug|Win32
		{4BA0222F-9A72-4EC8-87A8-CD6AB853DE51}.Release|x64.ActiveCfg = Release|x64
		{4BA0222F-9A72-4EC8-87A8-CD6AB853DE51}.Release|x64.Build.0 = Release|x64
		{4BA0222F-9A72-4EC8-87A8-CD6AB853DE51}.Release|x86.ActiveCfg = Release|Win32
		{4BA0222F-9A72-4EC8-87A8-CD6AB853DE51}.Release|x86.Build.0 = Release|Win32
		{E9D485DF-8174-4E2B-B630-64C35FC695F6}.Debug|x64.ActiveCfg = Debug|x64
		{E9D485DF-8174-4E2B-B630-64C35FC695F6}.Debug|x64.Build.0 = Debug|x64
		{E9D485DF-8174-4E2B-B630-64C35FC695F6}.Debug|x86.ActiveCfg = Debug|Win32
		{E9D485DF-8174-4E2B-B630-64C35FC695F6}.Debug|x86.Build.0 = Debug|Win32
		{E9D485DF-8174-4E2B-B630-64C35FC695F6}.Release|x64.ActiveCfg = Release|x64
		{E9D485DF-8174-4E2B-B630-64C35FC695F6}.Release|x64.Build.0 = Release|x64
		{E9D485DF-8174-4E2B-B630-64C35FC695F6}.Release|x86.ActiveCfg = Release|Win32
		{E9D485DF-8174-4E2B-B630-64C35FC695F6}.Release|x86.Build.0 = Release|Win32
	EndGlobalSection
	GlobalSection(SolutionProperties) = preSolution
		HideSolutionNode = FALSE
	EndGlobalSection
	GlobalSection(ExtensibilityGlobals) = postSolution
		SolutionGuid = {134DB1A6-D066-4EFD-AC8C-4A42BCA66506}
	EndGlobalSection
EndGlobal
