
Microsoft Visual Studio Solution File, Format Version 12.00
# Visual Studio Version 16
VisualStudioVersion = 16.0.30204.135
MinimumVisualStudioVersion = 10.0.40219.1
Project("{8BC9CEB8-8B4A-11D0-8D11-00A0C91BC942}") = "test-setup", "test-setup\test-setup.vcxproj", "{9AEB5CA8-0A29-41F0-BF60-D2A5E050A559}"
EndProject
Project("{8BC9CEB8-8B4A-11D0-8D11-00A0C91BC942}") = "1-hello", "1-hello\1-hello.vcxproj", "{FE412B06-955A-4558-BF0E-BE1A1E9B6E61}"
EndProject
Project("{8BC9CEB8-8B4A-11D0-8D11-00A0C91BC942}") = "2-helloMangled", "2-helloMangled\2-helloMangled.vcxproj", "{3F1E3170-2B9E-4B3A-B8CF-9C6796ABABC3}"
EndProject
Project("{8BC9CEB8-8B4A-11D0-8D11-00A0C91BC942}") = "3-drawDot", "3-drawDot\3-drawDot.vcxproj", "{51C7BFF3-1447-4758-BAED-81E6CDAFDA98}"
EndProject
Project("{8BC9CEB8-8B4A-11D0-8D11-00A0C91BC942}") = "4-bugsHead", "4-bugsHead\4-bugsHead.vcxproj", "{C4DB15C8-1B73-4879-9284-57D2FFF06706}"
EndProject
Project("{8BC9CEB8-8B4A-11D0-8D11-00A0C91BC942}") = "6-colorSquares", "6-colorSquares\6-colorSquares.vcxproj", "{B1128F2D-8E12-4B7E-BC73-BAC79021AA3B}"
EndProject
Project("{8BC9CEB8-8B4A-11D0-8D11-00A0C91BC942}") = "8-labelSquares", "8-labelSquares\8-labelSquares.vcxproj", "{518640BB-8031-4DCC-B3F9-21F3809BB89C}"
EndProject
Project("{8BC9CEB8-8B4A-11D0-8D11-00A0C91BC942}") = "5-bugsHead", "5-bugsHead\5-bugsHead.vcxproj", "{D30D1FEA-2D39-435C-8B2A-132B8BAAFF87}"
EndProject
Project("{8BC9CEB8-8B4A-11D0-8D11-00A0C91BC942}") = "7-quotation", "7-quotation\7-quotation.vcxproj", "{F54503EE-7CF2-4D83-8D79-4AC7BA919186}"
EndProject
Global
	GlobalSection(SolutionConfigurationPlatforms) = preSolution
		Debug|x86 = Debug|x86
		Release|x86 = Release|x86
	EndGlobalSection
	GlobalSection(ProjectConfigurationPlatforms) = postSolution
		{9AEB5CA8-0A29-41F0-BF60-D2A5E050A559}.Debug|x86.ActiveCfg = Debug|Win32
		{9AEB5CA8-0A29-41F0-BF60-D2A5E050A559}.Debug|x86.Build.0 = Debug|Win32
		{9AEB5CA8-0A29-41F0-BF60-D2A5E050A559}.Release|x86.ActiveCfg = Release|Win32
		{9AEB5CA8-0A29-41F0-BF60-D2A5E050A559}.Release|x86.Build.0 = Release|Win32
		{FE412B06-955A-4558-BF0E-BE1A1E9B6E61}.Debug|x86.ActiveCfg = Debug|Win32
		{FE412B06-955A-4558-BF0E-BE1A1E9B6E61}.Debug|x86.Build.0 = Debug|Win32
		{FE412B06-955A-4558-BF0E-BE1A1E9B6E61}.Release|x86.ActiveCfg = Release|Win32
		{FE412B06-955A-4558-BF0E-BE1A1E9B6E61}.Release|x86.Build.0 = Release|Win32
		{3F1E3170-2B9E-4B3A-B8CF-9C6796ABABC3}.Debug|x86.ActiveCfg = Debug|Win32
		{3F1E3170-2B9E-4B3A-B8CF-9C6796ABABC3}.Debug|x86.Build.0 = Debug|Win32
		{3F1E3170-2B9E-4B3A-B8CF-9C6796ABABC3}.Release|x86.ActiveCfg = Release|Win32
		{3F1E3170-2B9E-4B3A-B8CF-9C6796ABABC3}.Release|x86.Build.0 = Release|Win32
		{51C7BFF3-1447-4758-BAED-81E6CDAFDA98}.Debug|x86.ActiveCfg = Debug|Win32
		{51C7BFF3-1447-4758-BAED-81E6CDAFDA98}.Debug|x86.Build.0 = Debug|Win32
		{51C7BFF3-1447-4758-BAED-81E6CDAFDA98}.Release|x86.ActiveCfg = Release|Win32
		{51C7BFF3-1447-4758-BAED-81E6CDAFDA98}.Release|x86.Build.0 = Release|Win32
		{C4DB15C8-1B73-4879-9284-57D2FFF06706}.Debug|x86.ActiveCfg = Debug|Win32
		{C4DB15C8-1B73-4879-9284-57D2FFF06706}.Debug|x86.Build.0 = Debug|Win32
		{C4DB15C8-1B73-4879-9284-57D2FFF06706}.Release|x86.ActiveCfg = Release|Win32
		{C4DB15C8-1B73-4879-9284-57D2FFF06706}.Release|x86.Build.0 = Release|Win32
		{B1128F2D-8E12-4B7E-BC73-BAC79021AA3B}.Debug|x86.ActiveCfg = Debug|Win32
		{B1128F2D-8E12-4B7E-BC73-BAC79021AA3B}.Debug|x86.Build.0 = Debug|Win32
		{B1128F2D-8E12-4B7E-BC73-BAC79021AA3B}.Release|x86.ActiveCfg = Release|Win32
		{B1128F2D-8E12-4B7E-BC73-BAC79021AA3B}.Release|x86.Build.0 = Release|Win32
		{518640BB-8031-4DCC-B3F9-21F3809BB89C}.Debug|x86.ActiveCfg = Debug|Win32
		{518640BB-8031-4DCC-B3F9-21F3809BB89C}.Debug|x86.Build.0 = Debug|Win32
		{518640BB-8031-4DCC-B3F9-21F3809BB89C}.Release|x86.ActiveCfg = Release|Win32
		{518640BB-8031-4DCC-B3F9-21F3809BB89C}.Release|x86.Build.0 = Release|Win32
		{D30D1FEA-2D39-435C-8B2A-132B8BAAFF87}.Debug|x86.ActiveCfg = Debug|Win32
		{D30D1FEA-2D39-435C-8B2A-132B8BAAFF87}.Debug|x86.Build.0 = Debug|Win32
		{D30D1FEA-2D39-435C-8B2A-132B8BAAFF87}.Release|x86.ActiveCfg = Release|Win32
		{D30D1FEA-2D39-435C-8B2A-132B8BAAFF87}.Release|x86.Build.0 = Release|Win32
		{F54503EE-7CF2-4D83-8D79-4AC7BA919186}.Debug|x86.ActiveCfg = Debug|Win32
		{F54503EE-7CF2-4D83-8D79-4AC7BA919186}.Debug|x86.Build.0 = Debug|Win32
		{F54503EE-7CF2-4D83-8D79-4AC7BA919186}.Release|x86.ActiveCfg = Release|Win32
		{F54503EE-7CF2-4D83-8D79-4AC7BA919186}.Release|x86.Build.0 = Release|Win32
	EndGlobalSection
	GlobalSection(SolutionProperties) = preSolution
		HideSolutionNode = FALSE
	EndGlobalSection
	GlobalSection(ExtensibilityGlobals) = postSolution
		SolutionGuid = {B02D35D1-A67A-4494-A45F-81DBA3D17554}
	EndGlobalSection
EndGlobal
